
Microsoft Visual Studio Solution File, Format Version 12.00
# Visual Studio Version 16
VisualStudioVersion = 16.0.28729.10
MinimumVisualStudioVersion = 10.0.40219.1
Project("{9A19103F-16F7-4668-BE54-9A1E7A4F7556}") = "IEvangelist.BlazoR.Board.Server", "IEvangelist.BlazoR.Board.Server\IEvangelist.BlazoR.Board.Server.csproj", "{E697D908-E277-4191-A13A-D7175231EB7B}"
EndProject
Project("{9A19103F-16F7-4668-BE54-9A1E7A4F7556}") = "IEvangelist.BlazoR.Board.Client", "IEvangelist.BlazoR.Board.Client\IEvangelist.BlazoR.Board.Client.csproj", "{6FDE7749-5BC7-45CB-9A43-BA38614A06E8}"
EndProject
Project("{9A19103F-16F7-4668-BE54-9A1E7A4F7556}") = "IEvangelist.BlazoR.Board.Shared", "IEvangelist.BlazoR.Board.Shared\IEvangelist.BlazoR.Board.Shared.csproj", "{A765C95A-565B-4BEA-BA49-08C50A62AF33}"
EndProject
Project("{2150E333-8FDC-42A3-9474-1A3956D46DE8}") = "Solution Items", "Solution Items", "{9BCAD1D9-5A96-42F4-B4CE-9BD2A31236C8}"
	ProjectSection(SolutionItems) = preProject
		.gitignore = .gitignore
	EndProjectSection
EndProject
Global
	GlobalSection(SolutionConfigurationPlatforms) = preSolution
		Debug|Any CPU = Debug|Any CPU
		Release|Any CPU = Release|Any CPU
	EndGlobalSection
	GlobalSection(ProjectConfigurationPlatforms) = postSolution
		{E697D908-E277-4191-A13A-D7175231EB7B}.Debug|Any CPU.ActiveCfg = Debug|Any CPU
		{E697D908-E277-4191-A13A-D7175231EB7B}.Debug|Any CPU.Build.0 = Debug|Any CPU
		{E697D908-E277-4191-A13A-D7175231EB7B}.Release|Any CPU.ActiveCfg = Release|Any CPU
		{E697D908-E277-4191-A13A-D7175231EB7B}.Release|Any CPU.Build.0 = Release|Any CPU
		{6FDE7749-5BC7-45CB-9A43-BA38614A06E8}.Debug|Any CPU.ActiveCfg = Debug|Any CPU
		{6FDE7749-5BC7-45CB-9A43-BA38614A06E8}.Debug|Any CPU.Build.0 = Debug|Any CPU
		{6FDE7749-5BC7-45CB-9A43-BA38614A06E8}.Release|Any CPU.ActiveCfg = Release|Any CPU
		{6FDE7749-5BC7-45CB-9A43-BA38614A06E8}.Release|Any CPU.Build.0 = Release|Any CPU
		{A765C95A-565B-4BEA-BA49-08C50A62AF33}.Debug|Any CPU.ActiveCfg = Debug|Any CPU
		{A765C95A-565B-4BEA-BA49-08C50A62AF33}.Debug|Any CPU.Build.0 = Debug|Any CPU
		{A765C95A-565B-4BEA-BA49-08C50A62AF33}.Release|Any CPU.ActiveCfg = Release|Any CPU
		{A765C95A-565B-4BEA-BA49-08C50A62AF33}.Release|Any CPU.Build.0 = Release|Any CPU
	EndGlobalSection
	GlobalSection(SolutionProperties) = preSolution
		HideSolutionNode = FALSE
	EndGlobalSection
	GlobalSection(ExtensibilityGlobals) = postSolution
		SolutionGuid = {D2981D34-7D16-4662-80D0-C554EA435CB7}
	EndGlobalSection
EndGlobal
